
Microsoft Visual Studio Solution File, Format Version 12.00
# Visual Studio 14
VisualStudioVersion = 14.0.25420.1
MinimumVisualStudioVersion = 10.0.40219.1
Project("{FAE04EC0-301F-11D3-BF4B-00C04F79EFBC}") = "Capitulo10 y 12", "Capitulo10 y 12\Capitulo10 y 12.csproj", "{B2A62021-633E-486F-9DF9-F3FB7E6B99C6}"
EndProject
Global
	GlobalSection(SolutionConfigurationPlatforms) = preSolution
		Debug|Any CPU = Debug|Any CPU
		Release|Any CPU = Release|Any CPU
	EndGlobalSection
	GlobalSection(ProjectConfigurationPlatforms) = postSolution
		{B2A62021-633E-486F-9DF9-F3FB7E6B99C6}.Debug|Any CPU.ActiveCfg = Debug|Any CPU
		{B2A62021-633E-486F-9DF9-F3FB7E6B99C6}.Debug|Any CPU.Build.0 = Debug|Any CPU
		{B2A62021-633E-486F-9DF9-F3FB7E6B99C6}.Release|Any CPU.ActiveCfg = Release|Any CPU
		{B2A62021-633E-486F-9DF9-F3FB7E6B99C6}.Release|Any CPU.Build.0 = Release|Any CPU
	EndGlobalSection
	GlobalSection(SolutionProperties) = preSolution
		HideSolutionNode = FALSE
	EndGlobalSection
EndGlobal
